
Microsoft Visual Studio Solution File, Format Version 12.00
# Visual Studio Version 16
VisualStudioVersion = 16.0.30011.22
MinimumVisualStudioVersion = 10.0.40219.1
Project("{9A19103F-16F7-4668-BE54-9A1E7A4F7556}") = "VSSUMMIT.DemoGraphQLServer", "VSSUMMIT.DemoGraphQlServer\VSSUMMIT.DemoGraphQLServer.csproj", "{0CA1D28C-86FC-4BE6-BE83-AE3118601AC0}"
EndProject
Project("{9A19103F-16F7-4668-BE54-9A1E7A4F7556}") = "VSSUMMIT.Demo.Commons", "VSSUMMIT.Demo.Commons\VSSUMMIT.Demo.Commons.csproj", "{EC206068-0F37-461B-A009-5BC1C2652A7E}"
EndProject
Global
	GlobalSection(SolutionConfigurationPlatforms) = preSolution
		Debug|Any CPU = Debug|Any CPU
		Release|Any CPU = Release|Any CPU
	EndGlobalSection
	GlobalSection(ProjectConfigurationPlatforms) = postSolution
		{0CA1D28C-86FC-4BE6-BE83-AE3118601AC0}.Debug|Any CPU.ActiveCfg = Debug|Any CPU
		{0CA1D28C-86FC-4BE6-BE83-AE3118601AC0}.Debug|Any CPU.Build.0 = Debug|Any CPU
		{0CA1D28C-86FC-4BE6-BE83-AE3118601AC0}.Release|Any CPU.ActiveCfg = Release|Any CPU
		{0CA1D28C-86FC-4BE6-BE83-AE3118601AC0}.Release|Any CPU.Build.0 = Release|Any CPU
		{EC206068-0F37-461B-A009-5BC1C2652A7E}.Debug|Any CPU.ActiveCfg = Debug|Any CPU
		{EC206068-0F37-461B-A009-5BC1C2652A7E}.Debug|Any CPU.Build.0 = Debug|Any CPU
		{EC206068-0F37-461B-A009-5BC1C2652A7E}.Release|Any CPU.ActiveCfg = Release|Any CPU
		{EC206068-0F37-461B-A009-5BC1C2652A7E}.Release|Any CPU.Build.0 = Release|Any CPU
	EndGlobalSection
	GlobalSection(SolutionProperties) = preSolution
		HideSolutionNode = FALSE
	EndGlobalSection
	GlobalSection(ExtensibilityGlobals) = postSolution
		SolutionGuid = {202FAE7B-CF78-44AC-935D-4A082BC54199}
	EndGlobalSection
EndGlobal
